{
  "R": {
    "Version": "4.1.1",
    "Repositories": [
      {
        "Name": "CRAN",
        "URL": "https://cloud.r-project.org"
      }
    ]
  },
  "Packages": {
    "MASS": {
      "Package": "MASS",
      "Version": "7.3-54",
      "Source": "Repository",
      "Repository": "CRAN",
      "Hash": "0e59129db205112e3963904db67fd0dc"
    },
    "Matrix": {
      "Package": "Matrix",
      "Version": "1.3-4",
      "Source": "Repository",
      "Repository": "CRAN",
      "Hash": "4ed05e9c9726267e4a5872e09c04587c"
    },
    "R6": {
      "Package": "R6",
      "Version": "2.5.1",
      "Source": "CRAN",
      "Repository": "CRAN",
      "RemoteType": "standard",
      "RemotePkgRef": "R6",
      "RemoteRef": "R6",
      "RemoteRepos": "https://cran.rstudio.com",
      "RemotePkgPlatform": "windows",
      "RemoteSha": "2.5.1",
      "Hash": "470851b6d5d0ac559e9d01bb352b4021"
    },
    "RColorBrewer": {
      "Package": "RColorBrewer",
      "Version": "1.1-2",
      "Source": "CRAN",
      "Repository": "CRAN",
      "RemoteType": "standard",
      "RemotePkgRef": "RColorBrewer",
      "RemoteRef": "RColorBrewer",
      "RemoteRepos": "https://cran.rstudio.com",
      "RemotePkgPlatform": "windows",
      "RemoteSha": "1.1-2",
      "Hash": "e031418365a7f7a766181ab5a41a5716"
    },
    "RCurl": {
      "Package": "RCurl",
      "Version": "1.98-1.5",
      "Source": "CRAN",
      "Repository": "CRAN",
      "RemoteType": "standard",
      "RemotePkgRef": "RCurl",
      "RemoteRef": "RCurl",
      "RemoteRepos": "https://cran.rstudio.com",
      "RemotePkgPlatform": "windows",
      "RemoteSha": "1.98-1.5",
      "Hash": "5cc50d9d40a284cb8b1c8604901acf89"
    },
    "Rcpp": {
      "Package": "Rcpp",
      "Version": "1.0.7",
      "Source": "CRAN",
      "Repository": "CRAN",
      "RemoteType": "standard",
      "RemotePkgRef": "Rcpp",
      "RemoteRef": "Rcpp",
      "RemoteRepos": "https://cran.rstudio.com",
      "RemotePkgPlatform": "windows",
      "RemoteSha": "1.0.7",
      "Hash": "dab19adae4440ae55aa8a9d238b246bb"
    },
    "bitops": {
      "Package": "bitops",
      "Version": "1.0-7",
      "Source": "CRAN",
      "Repository": "CRAN",
      "RemoteType": "standard",
      "RemotePkgRef": "bitops",
      "RemoteRef": "bitops",
      "RemoteRepos": "https://pbil.univ-lyon1.fr/CRAN",
      "RemotePkgPlatform": "windows",
      "RemoteSha": "1.0-7",
      "Hash": "b7d8d8ee39869c18d8846a184dd8a1af"
    },
    "callr": {
      "Package": "callr",
      "Version": "3.7.0",
      "Source": "CRAN",
      "Repository": "CRAN",
      "RemoteType": "standard",
      "RemotePkgRef": "callr",
      "RemoteRef": "callr",
      "RemoteRepos": "https://pbil.univ-lyon1.fr/CRAN",
      "RemotePkgPlatform": "windows",
      "RemoteSha": "3.7.0",
      "Hash": "461aa75a11ce2400245190ef5d3995df"
    },
    "cellranger": {
      "Package": "cellranger",
      "Version": "1.1.0",
      "Source": "CRAN",
      "Repository": "CRAN",
      "RemoteType": "standard",
      "RemotePkgRef": "cellranger",
      "RemoteRef": "cellranger",
      "RemoteRepos": "https://pbil.univ-lyon1.fr/CRAN",
      "RemotePkgPlatform": "windows",
      "RemoteSha": "1.1.0",
      "Hash": "f61dbaec772ccd2e17705c1e872e9e7c"
    },
    "cli": {
      "Package": "cli",
      "Version": "3.0.1",
      "Source": "CRAN",
      "Repository": "CRAN",
      "RemoteType": "standard",
      "RemotePkgRef": "cli",
      "RemoteRef": "cli",
      "RemoteRepos": "https://pbil.univ-lyon1.fr/CRAN",
      "RemotePkgPlatform": "windows",
      "RemoteSha": "3.0.1",
      "Hash": "e3ae5d68dea0c55a12ea12a9fda02e61"
    },
    "codetools": {
      "Package": "codetools",
      "Version": "0.2-18",
      "Source": "Repository",
      "Repository": "CRAN",
      "Hash": "019388fc48e48b3da0d3a76ff94608a8"
    },
    "colorspace": {
      "Package": "colorspace",
      "Version": "2.0-2",
      "Source": "CRAN",
      "Repository": "CRAN",
      "RemoteType": "standard",
      "RemotePkgRef": "colorspace",
      "RemoteRef": "colorspace",
      "RemoteRepos": "https://pbil.univ-lyon1.fr/CRAN",
      "RemotePkgPlatform": "windows",
      "RemoteSha": "2.0-2",
      "Hash": "6baccb763ee83c0bd313460fdb8b8a84"
    },
    "cpp11": {
      "Package": "cpp11",
      "Version": "0.4.0",
      "Source": "CRAN",
      "Repository": "CRAN",
      "RemoteType": "standard",
      "RemotePkgRef": "cpp11",
      "RemoteRef": "cpp11",
      "RemoteRepos": "https://pbil.univ-lyon1.fr/CRAN",
      "RemotePkgPlatform": "windows",
      "RemoteSha": "0.4.0",
      "Hash": "40ba3fd26c8f61d8d14d334bc7761df9"
    },
    "crayon": {
      "Package": "crayon",
      "Version": "1.4.1",
      "Source": "CRAN",
      "Repository": "CRAN",
      "RemoteType": "standard",
      "RemotePkgRef": "crayon",
      "RemoteRef": "crayon",
      "RemoteRepos": "https://pbil.univ-lyon1.fr/CRAN",
      "RemotePkgPlatform": "windows",
      "RemoteSha": "1.4.1",
      "Hash": "e75525c55c70e5f4f78c9960a4b402e9"
    },
    "curl": {
      "Package": "curl",
      "Version": "4.3.2",
      "Source": "CRAN",
      "Repository": "CRAN",
      "RemoteType": "standard",
      "RemotePkgRef": "curl",
      "RemoteRef": "curl",
      "RemoteRepos": "https://pbil.univ-lyon1.fr/CRAN",
      "RemotePkgPlatform": "windows",
      "RemoteSha": "4.3.2",
      "Hash": "022c42d49c28e95d69ca60446dbabf88"
    },
    "data.table": {
      "Package": "data.table",
      "Version": "1.14.2",
      "Source": "CRAN",
      "Repository": "CRAN",
      "RemoteType": "standard",
      "RemotePkgRef": "data.table",
      "RemoteRef": "data.table",
      "RemoteRepos": "https://pbil.univ-lyon1.fr/CRAN",
      "RemotePkgPlatform": "windows",
      "RemoteSha": "1.14.2",
      "Hash": "36b67b5adf57b292923f5659f5f0c853"
    },
    "digest": {
      "Package": "digest",
      "Version": "0.6.28",
      "Source": "CRAN",
      "Repository": "CRAN",
      "RemoteType": "standard",
      "RemotePkgRef": "digest",
      "RemoteRef": "digest",
      "RemoteRepos": "https://pbil.univ-lyon1.fr/CRAN",
      "RemotePkgPlatform": "windows",
      "RemoteSha": "0.6.28",
      "Hash": "49b5c6e230bfec487b8917d5a0c77cca"
    },
    "ellipsis": {
      "Package": "ellipsis",
      "Version": "0.3.2",
      "Source": "CRAN",
      "Repository": "CRAN",
      "RemoteType": "standard",
      "RemotePkgRef": "ellipsis",
      "RemoteRef": "ellipsis",
      "RemoteRepos": "https://pbil.univ-lyon1.fr/CRAN",
      "RemotePkgPlatform": "windows",
      "RemoteSha": "0.3.2",
      "Hash": "bb0eec2fe32e88d9e2836c2f73ea2077"
    },
    "evaluate": {
      "Package": "evaluate",
      "Version": "0.14",
      "Source": "CRAN",
      "Repository": "CRAN",
      "RemoteType": "standard",
      "RemotePkgRef": "evaluate",
      "RemoteRef": "evaluate",
      "RemoteRepos": "https://pbil.univ-lyon1.fr/CRAN",
      "RemotePkgPlatform": "windows",
      "RemoteSha": "0.14",
      "Hash": "ec8ca05cffcc70569eaaad8469d2a3a7"
    },
    "fansi": {
      "Package": "fansi",
      "Version": "0.5.0",
      "Source": "CRAN",
      "Repository": "CRAN",
      "RemoteType": "standard",
      "RemotePkgRef": "fansi",
      "RemoteRef": "fansi",
      "RemoteRepos": "https://pbil.univ-lyon1.fr/CRAN",
      "RemotePkgPlatform": "windows",
      "RemoteSha": "0.5.0",
      "Hash": "d447b40982c576a72b779f0a3b3da227"
    },
    "farver": {
      "Package": "farver",
      "Version": "2.1.0",
      "Source": "CRAN",
      "Repository": "CRAN",
      "RemoteType": "standard",
      "RemotePkgRef": "farver",
      "RemoteRef": "farver",
      "RemoteRepos": "https://pbil.univ-lyon1.fr/CRAN",
      "RemotePkgPlatform": "windows",
      "RemoteSha": "2.1.0",
      "Hash": "c98eb5133d9cb9e1622b8691487f11bb"
    },
    "ggfx": {
      "Package": "ggfx",
      "Version": "1.0.0",
      "Source": "CRAN",
      "Repository": "CRAN",
      "RemoteType": "standard",
      "RemotePkgRef": "ggfx",
      "RemoteRef": "ggfx",
      "RemoteRepos": "https://pbil.univ-lyon1.fr/CRAN",
      "RemotePkgPlatform": "windows",
      "RemoteSha": "1.0.0",
      "Hash": "cbeb80280af8e4c6868d85ab78268957"
    },
    "ggplot2": {
      "Package": "ggplot2",
      "Version": "3.3.5",
      "Source": "CRAN",
      "Repository": "CRAN",
      "RemoteType": "standard",
      "RemotePkgRef": "ggplot2",
      "RemoteRef": "ggplot2",
      "RemoteRepos": "https://pbil.univ-lyon1.fr/CRAN",
      "RemotePkgPlatform": "windows",
      "RemoteSha": "3.3.5",
      "Hash": "d7566c471c7b17e095dd023b9ef155ad"
    },
    "ggrepel": {
      "Package": "ggrepel",
      "Version": "0.9.1",
      "Source": "CRAN",
      "Repository": "CRAN",
      "RemoteType": "standard",
      "RemotePkgRef": "ggrepel",
      "RemoteRef": "ggrepel",
      "RemoteRepos": "https://pbil.univ-lyon1.fr/CRAN",
      "RemotePkgPlatform": "windows",
      "RemoteSha": "0.9.1",
      "Hash": "08ab869f37e6a7741a64ab9069bcb67d"
    },
    "ggtext": {
      "Package": "ggtext",
      "Version": "0.1.1",
      "Source": "CRAN",
      "Repository": "CRAN",
      "RemoteType": "standard",
      "RemotePkgRef": "ggtext",
      "RemoteRef": "ggtext",
      "RemoteRepos": "https://pbil.univ-lyon1.fr/CRAN",
      "RemotePkgPlatform": "windows",
      "RemoteSha": "0.1.1",
      "Hash": "03d8caec959ac70e2d13bad1ac40667c"
    },
    "glue": {
      "Package": "glue",
      "Version": "1.4.2",
      "Source": "CRAN",
      "Repository": "CRAN",
      "RemoteType": "standard",
      "RemotePkgRef": "glue",
      "RemoteRef": "glue",
      "RemoteRepos": "https://pbil.univ-lyon1.fr/CRAN",
      "RemotePkgPlatform": "windows",
      "RemoteSha": "1.4.2",
      "Hash": "6efd734b14c6471cfe443345f3e35e29"
    },
    "gridtext": {
      "Package": "gridtext",
      "Version": "0.1.4",
      "Source": "CRAN",
      "Repository": "CRAN",
      "RemoteType": "standard",
      "RemotePkgRef": "gridtext",
      "RemoteRef": "gridtext",
      "RemoteRepos": "https://pbil.univ-lyon1.fr/CRAN",
      "RemotePkgPlatform": "windows",
      "RemoteSha": "0.1.4",
      "Hash": "5ae1f617531ca2ae244647d9b21b5e74"
    },
    "gtable": {
      "Package": "gtable",
      "Version": "0.3.0",
      "Source": "CRAN",
      "Repository": "CRAN",
      "RemoteType": "standard",
      "RemotePkgRef": "gtable",
      "RemoteRef": "gtable",
      "RemoteRepos": "https://pbil.univ-lyon1.fr/CRAN",
      "RemotePkgPlatform": "windows",
      "RemoteSha": "0.3.0",
      "Hash": "ac5c6baf7822ce8732b343f14c072c4d"
    },
    "here": {
      "Package": "here",
      "Version": "1.0.1",
      "Source": "CRAN",
      "Repository": "CRAN",
      "RemoteType": "standard",
      "RemotePkgRef": "here",
      "RemoteRef": "here",
      "RemoteRepos": "https://pbil.univ-lyon1.fr/CRAN",
      "RemotePkgPlatform": "windows",
      "RemoteSha": "1.0.1",
      "Hash": "24b224366f9c2e7534d2344d10d59211"
    },
    "highr": {
      "Package": "highr",
      "Version": "0.9",
      "Source": "CRAN",
      "Repository": "CRAN",
      "RemoteType": "standard",
      "RemotePkgRef": "highr",
      "RemoteRef": "highr",
      "RemoteRepos": "https://pbil.univ-lyon1.fr/CRAN",
      "RemotePkgPlatform": "windows",
      "RemoteSha": "0.9",
      "Hash": "8eb36c8125038e648e5d111c0d7b2ed4"
    },
    "hms": {
      "Package": "hms",
      "Version": "1.1.1",
      "Source": "CRAN",
      "Repository": "CRAN",
      "RemoteType": "standard",
      "RemotePkgRef": "hms",
      "RemoteRef": "hms",
      "RemoteRepos": "https://pbil.univ-lyon1.fr/CRAN",
      "RemotePkgPlatform": "windows",
      "RemoteSha": "1.1.1",
      "Hash": "5b8a2dd0fdbe2ab4f6081e6c7be6dfca"
    },
    "igraph": {
      "Package": "igraph",
      "Version": "1.2.6",
      "Source": "CRAN",
      "Repository": "CRAN",
      "RemoteType": "standard",
      "RemotePkgRef": "igraph",
      "RemoteRef": "igraph",
      "RemoteRepos": "https://pbil.univ-lyon1.fr/CRAN",
      "RemotePkgPlatform": "windows",
      "RemoteSha": "1.2.6",
      "Hash": "7b1f856410253d56ea67ad808f7cdff6"
    },
    "isoband": {
      "Package": "isoband",
      "Version": "0.2.5",
      "Source": "CRAN",
      "Repository": "CRAN",
      "RemoteType": "standard",
      "RemotePkgRef": "isoband",
      "RemoteRef": "isoband",
      "RemoteRepos": "https://cran.rstudio.com",
      "RemotePkgPlatform": "windows",
      "RemoteSha": "0.2.5",
      "Hash": "7ab57a6de7f48a8dc84910d1eca42883"
    },
    "jpeg": {
      "Package": "jpeg",
      "Version": "0.1-9",
      "Source": "CRAN",
      "Repository": "CRAN",
      "RemoteType": "standard",
      "RemotePkgRef": "jpeg",
      "RemoteRef": "jpeg",
      "RemoteRepos": "https://cran.rstudio.com",
      "RemotePkgPlatform": "windows",
      "RemoteSha": "0.1-9",
      "Hash": "441ee36360a57b363f4fa3df0c364630"
    },
    "knitr": {
      "Package": "knitr",
      "Version": "1.36",
      "Source": "CRAN",
      "Repository": "CRAN",
      "RemoteType": "standard",
      "RemotePkgRef": "knitr",
      "RemoteRef": "knitr",
      "RemoteRepos": "https://cran.rstudio.com",
      "RemotePkgPlatform": "windows",
      "RemoteSha": "1.36",
      "Hash": "46344b93f8854714cdf476433a59ed10"
    },
    "labeling": {
      "Package": "labeling",
      "Version": "0.4.2",
      "Source": "CRAN",
      "Repository": "CRAN",
      "RemoteType": "standard",
      "RemotePkgRef": "labeling",
      "RemoteRef": "labeling",
      "RemoteRepos": "https://cran.rstudio.com",
      "RemotePkgPlatform": "windows",
      "RemoteSha": "0.4.2",
      "Hash": "3d5108641f47470611a32d0bdf357a72"
    },
    "lattice": {
      "Package": "lattice",
      "Version": "0.20-45",
      "Source": "CRAN",
      "Repository": "CRAN",
      "RemoteType": "standard",
      "RemotePkgRef": "lattice",
      "RemoteRef": "lattice",
      "RemoteRepos": "https://cran.rstudio.com",
      "RemotePkgPlatform": "windows",
      "RemoteSha": "0.20-45",
      "Hash": "b64cdbb2b340437c4ee047a1f4c4377b"
    },
    "lifecycle": {
      "Package": "lifecycle",
      "Version": "1.0.1",
      "Source": "CRAN",
      "Repository": "CRAN",
      "RemoteType": "standard",
      "RemotePkgRef": "lifecycle",
      "RemoteRef": "lifecycle",
      "RemoteRepos": "https://cran.rstudio.com",
      "RemotePkgPlatform": "windows",
      "RemoteSha": "1.0.1",
      "Hash": "a6b6d352e3ed897373ab19d8395c98d0"
    },
    "magick": {
      "Package": "magick",
      "Version": "2.7.3",
      "Source": "CRAN",
      "Repository": "CRAN",
      "RemoteType": "standard",
      "RemotePkgRef": "magick",
      "RemoteRef": "magick",
      "RemoteRepos": "https://cran.rstudio.com",
      "RemotePkgPlatform": "windows",
      "RemoteSha": "2.7.3",
      "Hash": "56fbad418aa50939ed8c3028126af8d7"
    },
    "magrittr": {
      "Package": "magrittr",
      "Version": "2.0.1",
      "Source": "CRAN",
      "Repository": "CRAN",
      "RemoteType": "standard",
      "RemotePkgRef": "magrittr",
      "RemoteRef": "magrittr",
      "RemoteRepos": "https://cran.rstudio.com",
      "RemotePkgPlatform": "windows",
      "RemoteSha": "2.0.1",
      "Hash": "41287f1ac7d28a92f0a286ed507928d3"
    },
    "markdown": {
      "Package": "markdown",
      "Version": "1.1",
      "Source": "CRAN",
      "Repository": "CRAN",
      "RemoteType": "standard",
      "RemotePkgRef": "markdown",
      "RemoteRef": "markdown",
      "RemoteRepos": "https://cran.rstudio.com",
      "RemotePkgPlatform": "windows",
      "RemoteSha": "1.1",
      "Hash": "61e4a10781dd00d7d81dd06ca9b94e95"
    },
    "mgcv": {
      "Package": "mgcv",
      "Version": "1.8-36",
      "Source": "Repository",
      "Repository": "CRAN",
      "Hash": "93cc747b0e1ad882a4570463c3575c23"
    },
    "mime": {
      "Package": "mime",
      "Version": "0.12",
      "Source": "CRAN",
      "Repository": "CRAN",
      "RemoteType": "standard",
      "RemotePkgRef": "mime",
      "RemoteRef": "mime",
      "RemoteRepos": "https://cran.rstudio.com",
      "RemotePkgPlatform": "windows",
      "RemoteSha": "0.12",
      "Hash": "18e9c28c1d3ca1560ce30658b22ce104"
    },
    "munsell": {
      "Package": "munsell",
      "Version": "0.5.0",
      "Source": "CRAN",
      "Repository": "CRAN",
      "RemoteType": "standard",
      "RemotePkgRef": "munsell",
      "RemoteRef": "munsell",
      "RemoteRepos": "https://cran.rstudio.com",
      "RemotePkgPlatform": "windows",
      "RemoteSha": "0.5.0",
      "Hash": "6dfe8bf774944bd5595785e3229d8771"
    },
    "nlme": {
      "Package": "nlme",
      "Version": "3.1-153",
      "Source": "CRAN",
      "Repository": "CRAN",
      "RemoteType": "standard",
      "RemotePkgRef": "nlme",
      "RemoteRef": "nlme",
      "RemoteRepos": "https://cran.rstudio.com",
      "RemotePkgPlatform": "windows",
      "RemoteSha": "3.1-153",
      "Hash": "2d632e0d963a653a0329756ce701ecdd"
    },
    "patchwork": {
      "Package": "patchwork",
      "Version": "1.1.1",
      "Source": "CRAN",
      "Repository": "CRAN",
      "RemoteType": "standard",
      "RemotePkgRef": "patchwork",
      "RemoteRef": "patchwork",
      "RemoteRepos": "https://cran.rstudio.com",
      "RemotePkgPlatform": "windows",
      "RemoteSha": "1.1.1",
      "Hash": "c446b30cb33ec125ff02588b60660ccb"
    },
    "pillar": {
      "Package": "pillar",
      "Version": "1.6.3",
      "Source": "CRAN",
      "Repository": "CRAN",
      "RemoteType": "standard",
      "RemotePkgRef": "pillar",
      "RemoteRef": "pillar",
      "RemoteRepos": "https://cran.rstudio.com",
      "RemotePkgPlatform": "windows",
      "RemoteSha": "1.6.3",
      "Hash": "3323bc1a0988d63b5c65771ba0d3935d"
    },
    "pkgconfig": {
      "Package": "pkgconfig",
      "Version": "2.0.3",
      "Source": "CRAN",
      "Repository": "CRAN",
      "RemoteType": "standard",
      "RemotePkgRef": "pkgconfig",
      "RemoteRef": "pkgconfig",
      "RemoteRepos": "https://cran.rstudio.com",
      "RemotePkgPlatform": "windows",
      "RemoteSha": "2.0.3",
      "Hash": "01f28d4278f15c76cddbea05899c5d6f"
    },
    "png": {
      "Package": "png",
      "Version": "0.1-7",
      "Source": "CRAN",
      "Repository": "CRAN",
      "RemoteType": "standard",
      "RemotePkgRef": "png",
      "RemoteRef": "png",
      "RemoteRepos": "https://cran.rstudio.com",
      "RemotePkgPlatform": "windows",
      "RemoteSha": "0.1-7",
      "Hash": "03b7076c234cb3331288919983326c55"
    },
    "prettyunits": {
      "Package": "prettyunits",
      "Version": "1.1.1",
      "Source": "CRAN",
      "Repository": "CRAN",
      "RemoteType": "standard",
      "RemotePkgRef": "prettyunits",
      "RemoteRef": "prettyunits",
      "RemoteRepos": "https://cran.rstudio.com",
      "RemotePkgPlatform": "windows",
      "RemoteSha": "1.1.1",
      "Hash": "95ef9167b75dde9d2ccc3c7528393e7e"
    },
    "processx": {
      "Package": "processx",
      "Version": "3.5.2",
      "Source": "CRAN",
      "Repository": "CRAN",
      "RemoteType": "standard",
      "RemotePkgRef": "processx",
      "RemoteRef": "processx",
      "RemoteRepos": "https://cran.rstudio.com",
      "RemotePkgPlatform": "windows",
      "RemoteSha": "3.5.2",
      "Hash": "0cbca2bc4d16525d009c4dbba156b37c"
    },
    "progress": {
      "Package": "progress",
      "Version": "1.2.2",
      "Source": "CRAN",
      "Repository": "CRAN",
      "RemoteType": "standard",
      "RemotePkgRef": "progress",
      "RemoteRef": "progress",
      "RemoteRepos": "https://cran.rstudio.com",
      "RemotePkgPlatform": "windows",
      "RemoteSha": "1.2.2",
      "Hash": "14dc9f7a3c91ebb14ec5bb9208a07061"
    },
    "ps": {
      "Package": "ps",
      "Version": "1.6.0",
      "Source": "CRAN",
      "Repository": "CRAN",
      "RemoteType": "standard",
      "RemotePkgRef": "ps",
      "RemoteRef": "ps",
      "RemoteRepos": "https://cran.rstudio.com",
      "RemotePkgPlatform": "windows",
      "RemoteSha": "1.6.0",
      "Hash": "32620e2001c1dce1af49c49dccbb9420"
    },
    "purrr": {
      "Package": "purrr",
      "Version": "0.3.4",
      "Source": "CRAN",
      "Repository": "CRAN",
      "RemoteType": "standard",
      "RemotePkgRef": "purrr",
      "RemoteRef": "purrr",
      "RemoteRepos": "https://cran.rstudio.com",
      "RemotePkgPlatform": "windows",
      "RemoteSha": "0.3.4",
      "Hash": "97def703420c8ab10d8f0e6c72101e02"
    },
    "ragg": {
      "Package": "ragg",
      "Version": "1.1.3",
      "Source": "CRAN",
      "Repository": "CRAN",
      "RemoteType": "standard",
      "RemotePkgRef": "ragg",
      "RemoteRef": "ragg",
      "RemoteRepos": "https://cran.rstudio.com",
      "RemotePkgPlatform": "windows",
      "RemoteSha": "1.1.3",
      "Hash": "663065eff8c6c08eaa9955c6f478ee7a"
    },
    "readxl": {
      "Package": "readxl",
      "Version": "1.3.1",
      "Source": "CRAN",
      "Repository": "CRAN",
      "RemoteType": "standard",
      "RemotePkgRef": "readxl",
      "RemoteRef": "readxl",
      "RemoteRepos": "https://cran.rstudio.com",
      "RemotePkgPlatform": "windows",
      "RemoteSha": "1.3.1",
      "Hash": "63537c483c2dbec8d9e3183b3735254a"
    },
    "rematch": {
      "Package": "rematch",
      "Version": "1.0.1",
      "Source": "CRAN",
      "Repository": "CRAN",
      "RemoteType": "standard",
      "RemotePkgRef": "rematch",
      "RemoteRef": "rematch",
      "RemoteRepos": "https://cran.rstudio.com",
      "RemotePkgPlatform": "windows",
      "RemoteSha": "1.0.1",
      "Hash": "c66b930d20bb6d858cd18e1cebcfae5c"
    },
    "rlang": {
      "Package": "rlang",
      "Version": "0.4.11",
      "Source": "CRAN",
      "Repository": "CRAN",
      "RemoteType": "standard",
      "RemotePkgRef": "rlang",
      "RemoteRef": "rlang",
      "RemoteRepos": "https://cran.rstudio.com",
      "RemotePkgPlatform": "windows",
      "RemoteSha": "0.4.11",
      "Hash": "515f341d3affe0de9e4a7f762efb0456"
    },
    "rprojroot": {
      "Package": "rprojroot",
      "Version": "2.0.2",
      "Source": "CRAN",
      "Repository": "CRAN",
      "RemoteType": "standard",
      "RemotePkgRef": "rprojroot",
      "RemoteRef": "rprojroot",
      "RemoteRepos": "https://cran.rstudio.com",
      "RemotePkgPlatform": "windows",
      "RemoteSha": "2.0.2",
      "Hash": "249d8cd1e74a8f6a26194a91b47f21d1"
    },
    "scales": {
      "Package": "scales",
      "Version": "1.1.1",
      "Source": "CRAN",
      "Repository": "CRAN",
      "RemoteType": "standard",
      "RemotePkgRef": "scales",
      "RemoteRef": "scales",
      "RemoteRepos": "https://cran.rstudio.com",
      "RemotePkgPlatform": "windows",
      "RemoteSha": "1.1.1",
      "Hash": "6f76f71042411426ec8df6c54f34e6dd"
    },
    "showtext": {
      "Package": "showtext",
      "Version": "0.9-4",
      "Source": "CRAN",
      "Repository": "CRAN",
      "RemoteType": "standard",
      "RemotePkgRef": "showtext",
      "RemoteRef": "showtext",
      "RemoteRepos": "https://cran.rstudio.com",
      "RemotePkgPlatform": "windows",
      "RemoteSha": "0.9-4",
      "Hash": "57151c081eee689dc669d1bb9a77bbb7"
    },
    "showtextdb": {
      "Package": "showtextdb",
      "Version": "3.0",
      "Source": "CRAN",
      "Repository": "CRAN",
      "RemoteType": "standard",
      "RemotePkgRef": "showtextdb",
      "RemoteRef": "showtextdb",
      "RemoteRepos": "https://cran.rstudio.com",
      "RemotePkgPlatform": "windows",
      "RemoteSha": "3.0",
      "Hash": "c12e756cf947e58b0f2c2a520521a5a8"
    },
    "stringi": {
      "Package": "stringi",
      "Version": "1.7.5",
      "Source": "CRAN",
      "Repository": "CRAN",
      "RemoteType": "standard",
      "RemotePkgRef": "stringi",
      "RemoteRef": "stringi",
      "RemoteRepos": "https://cran.rstudio.com",
      "RemotePkgPlatform": "windows",
      "RemoteSha": "1.7.5",
      "Hash": "cd50dc9b449de3d3b47cdc9976886999"
    },
    "stringr": {
      "Package": "stringr",
      "Version": "1.4.0",
      "Source": "CRAN",
      "Repository": "CRAN",
      "RemoteType": "standard",
      "RemotePkgRef": "stringr",
      "RemoteRef": "stringr",
      "RemoteRepos": "https://cran.rstudio.com",
      "RemotePkgPlatform": "windows",
      "RemoteSha": "1.4.0",
      "Hash": "0759e6b6c0957edb1311028a49a35e76"
    },
    "svglite": {
      "Package": "svglite",
      "Version": "2.0.0",
      "Source": "CRAN",
      "Repository": "CRAN",
      "RemoteType": "standard",
      "RemotePkgRef": "svglite",
      "RemoteRef": "svglite",
      "RemoteRepos": "https://cran.rstudio.com",
      "RemotePkgPlatform": "windows",
      "RemoteSha": "2.0.0",
      "Hash": "8fb6188960bf0f90996ce52f9c2106ac"
    },
    "sysfonts": {
      "Package": "sysfonts",
      "Version": "0.8.5",
      "Source": "CRAN",
      "Repository": "CRAN",
      "RemoteType": "standard",
      "RemotePkgRef": "sysfonts",
      "RemoteRef": "sysfonts",
      "RemoteRepos": "https://cran.rstudio.com",
      "RemotePkgPlatform": "windows",
      "RemoteSha": "0.8.5",
      "Hash": "d5e2db91a3aa1ac242a6edb6b2093eb5"
    },
    "systemfonts": {
      "Package": "systemfonts",
      "Version": "1.0.2",
      "Source": "CRAN",
      "Repository": "CRAN",
      "RemoteType": "standard",
      "RemotePkgRef": "systemfonts",
      "RemoteRef": "systemfonts",
      "RemoteRepos": "https://cran.rstudio.com",
      "RemotePkgPlatform": "windows",
      "RemoteSha": "1.0.2",
      "Hash": "f2e17ba09737e2e7e2ec40fc1f9b6e08"
    },
    "targets": {
      "Package": "targets",
      "Version": "0.8.0",
      "Source": "CRAN",
      "Repository": "CRAN",
      "RemoteType": "standard",
      "RemotePkgRef": "targets",
      "RemoteRef": "targets",
      "RemoteRepos": "https://cran.rstudio.com",
      "RemotePkgPlatform": "windows",
      "RemoteSha": "0.8.0",
      "Hash": "857c34fc118c677cf6bf39e9816faf5c"
    },
    "textshaping": {
      "Package": "textshaping",
      "Version": "0.3.5",
      "Source": "CRAN",
      "Repository": "CRAN",
      "RemoteType": "standard",
      "RemotePkgRef": "textshaping",
      "RemoteRef": "textshaping",
      "RemoteRepos": "https://cran.rstudio.com",
      "RemotePkgPlatform": "windows",
      "RemoteSha": "0.3.5",
      "Hash": "6bb7e974b464fe72f192e51b4dab67f2"
    },
    "tibble": {
      "Package": "tibble",
      "Version": "3.1.5",
      "Source": "CRAN",
      "Repository": "CRAN",
      "RemoteType": "standard",
      "RemotePkgRef": "tibble",
      "RemoteRef": "tibble",
      "RemoteRepos": "https://cran.rstudio.com",
      "RemotePkgPlatform": "windows",
      "RemoteSha": "3.1.5",
      "Hash": "36eb05ad4cfdfeaa56f5a9b2a1311efd"
    },
    "tidyselect": {
      "Package": "tidyselect",
      "Version": "1.1.1",
      "Source": "CRAN",
      "Repository": "CRAN",
      "RemoteType": "standard",
      "RemotePkgRef": "tidyselect",
      "RemoteRef": "tidyselect",
      "RemoteRepos": "https://cran.rstudio.com",
      "RemotePkgPlatform": "windows",
      "RemoteSha": "1.1.1",
      "Hash": "7243004a708d06d4716717fa1ff5b2fe"
    },
    "utf8": {
      "Package": "utf8",
      "Version": "1.2.2",
      "Source": "CRAN",
      "Repository": "CRAN",
      "RemoteType": "standard",
      "RemotePkgRef": "utf8",
      "RemoteRef": "utf8",
      "RemoteRepos": "https://cran.rstudio.com",
      "RemotePkgPlatform": "windows",
      "RemoteSha": "1.2.2",
      "Hash": "c9c462b759a5cc844ae25b5942654d13"
    },
    "vctrs": {
      "Package": "vctrs",
      "Version": "0.3.8",
      "Source": "CRAN",
      "Repository": "CRAN",
      "RemoteType": "standard",
      "RemotePkgRef": "vctrs",
      "RemoteRef": "vctrs",
      "RemoteRepos": "https://cran.rstudio.com",
      "RemotePkgPlatform": "windows",
      "RemoteSha": "0.3.8",
      "Hash": "ecf749a1b39ea72bd9b51b76292261f1"
    },
    "viridisLite": {
      "Package": "viridisLite",
      "Version": "0.4.0",
      "Source": "CRAN",
      "Repository": "CRAN",
      "RemoteType": "standard",
      "RemotePkgRef": "viridisLite",
      "RemoteRef": "viridisLite",
      "RemoteRepos": "https://cran.rstudio.com",
      "RemotePkgPlatform": "windows",
      "RemoteSha": "0.4.0",
      "Hash": "55e157e2aa88161bdb0754218470d204"
    },
    "withr": {
      "Package": "withr",
      "Version": "2.4.2",
      "Source": "CRAN",
      "Repository": "CRAN",
      "RemoteType": "standard",
      "RemotePkgRef": "withr",
      "RemoteRef": "withr",
      "RemoteRepos": "https://cran.rstudio.com",
      "RemotePkgPlatform": "windows",
      "RemoteSha": "2.4.2",
      "Hash": "ad03909b44677f930fa156d47d7a3aeb"
    },
    "xfun": {
      "Package": "xfun",
      "Version": "0.26",
      "Source": "CRAN",
      "Repository": "CRAN",
      "RemoteType": "standard",
      "RemotePkgRef": "xfun",
      "RemoteRef": "xfun",
      "RemoteRepos": "https://cran.rstudio.com",
      "RemotePkgPlatform": "windows",
      "RemoteSha": "0.26",
      "Hash": "a270216f7ffda25e53298293046d1d05"
    },
    "xml2": {
      "Package": "xml2",
      "Version": "1.3.2",
      "Source": "CRAN",
      "Repository": "CRAN",
      "RemoteType": "standard",
      "RemotePkgRef": "xml2",
      "RemoteRef": "xml2",
      "RemoteRepos": "https://cran.rstudio.com",
      "RemotePkgPlatform": "windows",
      "RemoteSha": "1.3.2",
      "Hash": "d4d71a75dd3ea9eb5fa28cc21f9585e2"
    },
    "yaml": {
      "Package": "yaml",
      "Version": "2.2.1",
      "Source": "CRAN",
      "Repository": "CRAN",
      "RemoteType": "standard",
      "RemotePkgRef": "yaml",
      "RemoteRef": "yaml",
      "RemoteRepos": "https://cran.rstudio.com",
      "RemotePkgPlatform": "windows",
      "RemoteSha": "2.2.1",
      "Hash": "2826c5d9efb0a88f657c7a679c7106db"
    }
  }
}
